{
  "version": 4,
  "terraform_version": "1.4.0",
  "serial": 2,
  "lineage": "6f94ca86-bf9d-6fd1-8119-d0228073d056",
  "outputs": {
    "file_content_md5": {
      "value": "28b662d883b6d76fd96e4ddc5e9ba780",
      "type": "string"
    }
  },
  "resources": [
    {
      "mode": "managed",
      "type": "local_file",
      "name": "file",
      "provider": "provider[\"registry.terraform.io/hashicorp/local\"]",
      "instances": [
        {
          "index_key": 0,
          "schema_version": 0,
          "attributes": {
            "content": "tes",
            "content_base64": null,
            "content_base64sha256": "zg9sKLWGn/FmcU2l/ghVTHDHMaM1/5cC44sA+BrTSMY=",
            "content_base64sha512": "tVHqlRck1mkh9+SZHuO4bog5Iav2oUVSxzpAMsyH+kkAsvqifRzKUTnXGhKTd5fNKbWJVh/Mf7tg3KRgFBr6ZQ==",
            "content_md5": "28b662d883b6d76fd96e4ddc5e9ba780",
            "content_sha1": "d1c056a983786a38ca76a05cda240c7b86d77136",
            "content_sha256": "ce0f6c28b5869ff166714da5fe08554c70c731a335ff9702e38b00f81ad348c6",
            "content_sha512": "b551ea951724d66921f7e4991ee3b86e883921abf6a14552c73a4032cc87fa4900b2faa27d1cca5139d71a12937797cd29b589561fcc7fbb60dca460141afa65",
            "directory_permission": "0777",
            "file_permission": "0777",
            "filename": "./test_0",
            "id": "d1c056a983786a38ca76a05cda240c7b86d77136",
            "sensitive_content": null,
            "source": null
          },
          "sensitive_attributes": []
        },
        {
          "index_key": 1,
          "schema_version": 0,
          "attributes": {
            "content": "tes",
            "content_base64": null,
            "content_base64sha256": "zg9sKLWGn/FmcU2l/ghVTHDHMaM1/5cC44sA+BrTSMY=",
            "content_base64sha512": "tVHqlRck1mkh9+SZHuO4bog5Iav2oUVSxzpAMsyH+kkAsvqifRzKUTnXGhKTd5fNKbWJVh/Mf7tg3KRgFBr6ZQ==",
            "content_md5": "28b662d883b6d76fd96e4ddc5e9ba780",
            "content_sha1": "d1c056a983786a38ca76a05cda240c7b86d77136",
            "content_sha256": "ce0f6c28b5869ff166714da5fe08554c70c731a335ff9702e38b00f81ad348c6",
            "content_sha512": "b551ea951724d66921f7e4991ee3b86e883921abf6a14552c73a4032cc87fa4900b2faa27d1cca5139d71a12937797cd29b589561fcc7fbb60dca460141afa65",
            "directory_permission": "0777",
            "file_permission": "0777",
            "filename": "./test_1",
            "id": "d1c056a983786a38ca76a05cda240c7b86d77136",
            "sensitive_content": null,
            "source": null
          },
          "sensitive_attributes": []
        },
        {
          "index_key": 2,
          "schema_version": 0,
          "attributes": {
            "content": "tes",
            "content_base64": null,
            "content_base64sha256": "zg9sKLWGn/FmcU2l/ghVTHDHMaM1/5cC44sA+BrTSMY=",
            "content_base64sha512": "tVHqlRck1mkh9+SZHuO4bog5Iav2oUVSxzpAMsyH+kkAsvqifRzKUTnXGhKTd5fNKbWJVh/Mf7tg3KRgFBr6ZQ==",
            "content_md5": "28b662d883b6d76fd96e4ddc5e9ba780",
            "content_sha1": "d1c056a983786a38ca76a05cda240c7b86d77136",
            "content_sha256": "ce0f6c28b5869ff166714da5fe08554c70c731a335ff9702e38b00f81ad348c6",
            "content_sha512": "b551ea951724d66921f7e4991ee3b86e883921abf6a14552c73a4032cc87fa4900b2faa27d1cca5139d71a12937797cd29b589561fcc7fbb60dca460141afa65",
            "directory_permission": "0777",
            "file_permission": "0777",
            "filename": "./test_2",
            "id": "d1c056a983786a38ca76a05cda240c7b86d77136",
            "sensitive_content": null,
            "source": null
          },
          "sensitive_attributes": []
        }
      ]
    }
  ],
  "check_results": null
}
